// !$*UTF8*$!
{
	archiveVersion = 1;
	classes = {
	};
	objectVersion = 50;
	objects = {

/* Begin PBXBuildFile section */
		F2C92B3424D094B9009D7915 /* AppDelegate.swift in Sources */ = {isa = PBXBuildFile; fileRef = F2C92B3324D094B9009D7915 /* AppDelegate.swift */; };
		F2C92B3624D094B9009D7915 /* SceneDelegate.swift in Sources */ = {isa = PBXBuildFile; fileRef = F2C92B3524D094B9009D7915 /* SceneDelegate.swift */; };
		F2C92B3824D094B9009D7915 /* ViewController.swift in Sources */ = {isa = PBXBuildFile; fileRef = F2C92B3724D094B9009D7915 /* ViewController.swift */; };
		F2C92B3B24D094B9009D7915 /* Main.storyboard in Resources */ = {isa = PBXBuildFile; fileRef = F2C92B3924D094B9009D7915 /* Main.storyboard */; };
		F2C92B3E24D094B9009D7915 /* github.xcdatamodeld in Sources */ = {isa = PBXBuildFile; fileRef = F2C92B3C24D094B9009D7915 /* github.xcdatamodeld */; };
		F2C92B4024D094BD009D7915 /* Assets.xcassets in Resources */ = {isa = PBXBuildFile; fileRef = F2C92B3F24D094BD009D7915 /* Assets.xcassets */; };
		F2C92B4324D094BD009D7915 /* LaunchScreen.storyboard in Resources */ = {isa = PBXBuildFile; fileRef = F2C92B4124D094BD009D7915 /* LaunchScreen.storyboard */; };
		F2C92B4E24D094BD009D7915 /* githubTests.swift in Sources */ = {isa = PBXBuildFile; fileRef = F2C92B4D24D094BD009D7915 /* githubTests.swift */; };
		F2C92B5924D094BD009D7915 /* githubUITests.swift in Sources */ = {isa = PBXBuildFile; fileRef = F2C92B5824D094BD009D7915 /* githubUITests.swift */; };
/* End PBXBuildFile section */

/* Begin PBXContainerItemProxy section */
		F2C92B4A24D094BD009D7915 /* PBXContainerItemProxy */ = {
			isa = PBXContainerItemProxy;
			containerPortal = F2C92B2824D094B9009D7915 /* Project object */;
			proxyType = 1;
			remoteGlobalIDString = F2C92B2F24D094B9009D7915;
			remoteInfo = github;
		};
		F2C92B5524D094BD009D7915 /* PBXContainerItemProxy */ = {
			isa = PBXContainerItemProxy;
			containerPortal = F2C92B2824D094B9009D7915 /* Project object */;
			proxyType = 1;
			remoteGlobalIDString = F2C92B2F24D094B9009D7915;
			remoteInfo = github;
		};
/* End PBXContainerItemProxy section */

/* Begin PBXFileReference section */
		F2C92B3024D094B9009D7915 /* github.app */ = {isa = PBXFileReference; explicitFileType = wrapper.application; includeInIndex = 0; path = github.app; sourceTree = BUILT_PRODUCTS_DIR; };
		F2C92B3324D094B9009D7915 /* AppDelegate.swift */ = {isa = PBXFileReference; lastKnownFileType = sourcecode.swift; path = AppDelegate.swift; sourceTree = "<group>"; };
		F2C92B3524D094B9009D7915 /* SceneDelegate.swift */ = {isa = PBXFileReference; lastKnownFileType = sourcecode.swift; path = SceneDelegate.swift; sourceTree = "<group>"; };
		F2C92B3724D094B9009D7915 /* ViewController.swift */ = {isa = PBXFileReference; lastKnownFileType = sourcecode.swift; path = ViewController.swift; sourceTree = "<group>"; };
		F2C92B3A24D094B9009D7915 /* Base */ = {isa = PBXFileReference; lastKnownFileType = file.storyboard; name = Base; path = Base.lproj/Main.storyboard; sourceTree = "<group>"; };
		F2C92B3D24D094B9009D7915 /* github.xcdatamodel */ = {isa = PBXFileReference; lastKnownFileType = wrapper.xcdatamodel; path = github.xcdatamodel; sourceTree = "<group>"; };
		F2C92B3F24D094BD009D7915 /* Assets.xcassets */ = {isa = PBXFileReference; lastKnownFileType = folder.assetcatalog; path = Assets.xcassets; sourceTree = "<group>"; };
		F2C92B4224D094BD009D7915 /* Base */ = {isa = PBXFileReference; lastKnownFileType = file.storyboard; name = Base; path = Base.lproj/LaunchScreen.storyboard; sourceTree = "<group>"; };
		F2C92B4424D094BD009D7915 /* Info.plist */ = {isa = PBXFileReference; lastKnownFileType = text.plist.xml; path = Info.plist; sourceTree = "<group>"; };
		F2C92B4924D094BD009D7915 /* githubTests.xctest */ = {isa = PBXFileReference; explicitFileType = wrapper.cfbundle; includeInIndex = 0; path = githubTests.xctest; sourceTree = BUILT_PRODUCTS_DIR; };
		F2C92B4D24D094BD009D7915 /* githubTests.swift */ = {isa = PBXFileReference; lastKnownFileType = sourcecode.swift; path = githubTests.swift; sourceTree = "<group>"; };
		F2C92B4F24D094BD009D7915 /* Info.plist */ = {isa = PBXFileReference; lastKnownFileType = text.plist.xml; path = Info.plist; sourceTree = "<group>"; };
		F2C92B5424D094BD009D7915 /* githubUITests.xctest */ = {isa = PBXFileReference; explicitFileType = wrapper.cfbundle; includeInIndex = 0; path = githubUITests.xctest; sourceTree = BUILT_PRODUCTS_DIR; };
		F2C92B5824D094BD009D7915 /* githubUITests.swift */ = {isa = PBXFileReference; lastKnownFileType = sourcecode.swift; path = githubUITests.swift; sourceTree = "<group>"; };
		F2C92B5A24D094BD009D7915 /* Info.plist */ = {isa = PBXFileReference; lastKnownFileType = text.plist.xml; path = Info.plist; sourceTree = "<group>"; };
/* End PBXFileReference section */

/* Begin PBXFrameworksBuildPhase section */
		F2C92B2D24D094B9009D7915 /* Frameworks */ = {
			isa = PBXFrameworksBuildPhase;
			buildActionMask = 2147483647;
			files = (
			);
			runOnlyForDeploymentPostprocessing = 0;
		};
		F2C92B4624D094BD009D7915 /* Frameworks */ = {
			isa = PBXFrameworksBuildPhase;
			buildActionMask = 2147483647;
			files = (
			);
			runOnlyForDeploymentPostprocessing = 0;
		};
		F2C92B5124D094BD009D7915 /* Frameworks */ = {
			isa = PBXFrameworksBuildPhase;
			buildActionMask = 2147483647;
			files = (
			);
			runOnlyForDeploymentPostprocessing = 0;
		};
/* End PBXFrameworksBuildPhase section */

/* Begin PBXGroup section */
		F2C92B2724D094B9009D7915 = {
			isa = PBXGroup;
			children = (
				F2C92B3224D094B9009D7915 /* github */,
				F2C92B4C24D094BD009D7915 /* githubTests */,
				F2C92B5724D094BD009D7915 /* githubUITests */,
				F2C92B3124D094B9009D7915 /* Products */,
			);
			sourceTree = "<group>";
		};
		F2C92B3124D094B9009D7915 /* Products */ = {
			isa = PBXGroup;
			children = (
				F2C92B3024D094B9009D7915 /* github.app */,
				F2C92B4924D094BD009D7915 /* githubTests.xctest */,
				F2C92B5424D094BD009D7915 /* githubUITests.xctest */,
			);
			name = Products;
			sourceTree = "<group>";
		};
		F2C92B3224D094B9009D7915 /* github */ = {
			isa = PBXGroup;
			children = (
				F2C92B3324D094B9009D7915 /* AppDelegate.swift */,
				F2C92B3524D094B9009D7915 /* SceneDelegate.swift */,
				F2C92B3724D094B9009D7915 /* ViewController.swift */,
				F2C92B3924D094B9009D7915 /* Main.storyboard */,
				F2C92B3F24D094BD009D7915 /* Assets.xcassets */,
				F2C92B4124D094BD009D7915 /* LaunchScreen.storyboard */,
				F2C92B4424D094BD009D7915 /* Info.plist */,
				F2C92B3C24D094B9009D7915 /* github.xcdatamodeld */,
			);
			path = github;
			sourceTree = "<group>";
		};
		F2C92B4C24D094BD009D7915 /* githubTests */ = {
			isa = PBXGroup;
			children = (
				F2C92B4D24D094BD009D7915 /* githubTests.swift */,
				F2C92B4F24D094BD009D7915 /* Info.plist */,
			);
			path = githubTests;
			sourceTree = "<group>";
		};
		F2C92B5724D094BD009D7915 /* githubUITests */ = {
			isa = PBXGroup;
			children = (
				F2C92B5824D094BD009D7915 /* githubUITests.swift */,
				F2C92B5A24D094BD009D7915 /* Info.plist */,
			);
			path = githubUITests;
			sourceTree = "<group>";
		};
/* End PBXGroup section */

/* Begin PBXNativeTarget section */
		F2C92B2F24D094B9009D7915 /* github */ = {
			isa = PBXNativeTarget;
			buildConfigurationList = F2C92B5D24D094BD009D7915 /* Build configuration list for PBXNativeTarget "github" */;
			buildPhases = (
				F2C92B2C24D094B9009D7915 /* Sources */,
				F2C92B2D24D094B9009D7915 /* Frameworks */,
				F2C92B2E24D094B9009D7915 /* Resources */,
			);
			buildRules = (
			);
			dependencies = (
			);
			name = github;
			productName = github;
			productReference = F2C92B3024D094B9009D7915 /* github.app */;
			productType = "com.apple.product-type.application";
		};
		F2C92B4824D094BD009D7915 /* githubTests */ = {
			isa = PBXNativeTarget;
			buildConfigurationList = F2C92B6024D094BD009D7915 /* Build configuration list for PBXNativeTarget "githubTests" */;
			buildPhases = (
				F2C92B4524D094BD009D7915 /* Sources */,
				F2C92B4624D094BD009D7915 /* Frameworks */,
				F2C92B4724D094BD009D7915 /* Resources */,
			);
			buildRules = (
			);
			dependencies = (
				F2C92B4B24D094BD009D7915 /* PBXTargetDependency */,
			);
			name = githubTests;
			productName = githubTests;
			productReference = F2C92B4924D094BD009D7915 /* githubTests.xctest */;
			productType = "com.apple.product-type.bundle.unit-test";
		};
		F2C92B5324D094BD009D7915 /* githubUITests */ = {
			isa = PBXNativeTarget;
			buildConfigurationList = F2C92B6324D094BD009D7915 /* Build configuration list for PBXNativeTarget "githubUITests" */;
			buildPhases = (
				F2C92B5024D094BD009D7915 /* Sources */,
				F2C92B5124D094BD009D7915 /* Frameworks */,
				F2C92B5224D094BD009D7915 /* Resources */,
			);
			buildRules = (
			);
			dependencies = (
				F2C92B5624D094BD009D7915 /* PBXTargetDependency */,
			);
			name = githubUITests;
			productName = githubUITests;
			productReference = F2C92B5424D094BD009D7915 /* githubUITests.xctest */;
			productType = "com.apple.product-type.bundle.ui-testing";
		};
/* End PBXNativeTarget section */

/* Begin PBXProject section */
		F2C92B2824D094B9009D7915 /* Project object */ = {
			isa = PBXProject;
			attributes = {
				LastSwiftUpdateCheck = 1150;
				LastUpgradeCheck = 1150;
				ORGANIZATIONNAME = "Elisa Cruz";
				TargetAttributes = {
					F2C92B2F24D094B9009D7915 = {
						CreatedOnToolsVersion = 11.5;
					};
					F2C92B4824D094BD009D7915 = {
						CreatedOnToolsVersion = 11.5;
						TestTargetID = F2C92B2F24D094B9009D7915;
					};
					F2C92B5324D094BD009D7915 = {
						CreatedOnToolsVersion = 11.5;
						TestTargetID = F2C92B2F24D094B9009D7915;
					};
				};
			};
			buildConfigurationList = F2C92B2B24D094B9009D7915 /* Build configuration list for PBXProject "github" */;
			compatibilityVersion = "Xcode 9.3";
			developmentRegion = en;
			hasScannedForEncodings = 0;
			knownRegions = (
				en,
				Base,
			);
			mainGroup = F2C92B2724D094B9009D7915;
			productRefGroup = F2C92B3124D094B9009D7915 /* Products */;
			projectDirPath = "";
			projectRoot = "";
			targets = (
				F2C92B2F24D094B9009D7915 /* github */,
				F2C92B4824D094BD009D7915 /* githubTests */,
				F2C92B5324D094BD009D7915 /* githubUITests */,
			);
		};
/* End PBXProject section */

/* Begin PBXResourcesBuildPhase section */
		F2C92B2E24D094B9009D7915 /* Resources */ = {
			isa = PBXResourcesBuildPhase;
			buildActionMask = 2147483647;
			files = (
				F2C92B4324D094BD009D7915 /* LaunchScreen.storyboard in Resources */,
				F2C92B4024D094BD009D7915 /* Assets.xcassets in Resources */,
				F2C92B3B24D094B9009D7915 /* Main.storyboard in Resources */,
			);
			runOnlyForDeploymentPostprocessing = 0;
		};
		F2C92B4724D094BD009D7915 /* Resources */ = {
			isa = PBXResourcesBuildPhase;
			buildActionMask = 2147483647;
			files = (
			);
			runOnlyForDeploymentPostprocessing = 0;
		};
		F2C92B5224D094BD009D7915 /* Resources */ = {
			isa = PBXResourcesBuildPhase;
			buildActionMask = 2147483647;
			files = (
			);
			runOnlyForDeploymentPostprocessing = 0;
		};
/* End PBXResourcesBuildPhase section */

/* Begin PBXSourcesBuildPhase section */
		F2C92B2C24D094B9009D7915 /* Sources */ = {
			isa = PBXSourcesBuildPhase;
			buildActionMask = 2147483647;
			files = (
				F2C92B3824D094B9009D7915 /* ViewController.swift in Sources */,
				F2C92B3424D094B9009D7915 /* AppDelegate.swift in Sources */,
				F2C92B3E24D094B9009D7915 /* github.xcdatamodeld in Sources */,
				F2C92B3624D094B9009D7915 /* SceneDelegate.swift in Sources */,
			);
			runOnlyForDeploymentPostprocessing = 0;
		};
		F2C92B4524D094BD009D7915 /* Sources */ = {
			isa = PBXSourcesBuildPhase;
			buildActionMask = 2147483647;
			files = (
				F2C92B4E24D094BD009D7915 /* githubTests.swift in Sources */,
			);
			runOnlyForDeploymentPostprocessing = 0;
		};
		F2C92B5024D094BD009D7915 /* Sources */ = {
			isa = PBXSourcesBuildPhase;
			buildActionMask = 2147483647;
			files = (
				F2C92B5924D094BD009D7915 /* githubUITests.swift in Sources */,
			);
			runOnlyForDeploymentPostprocessing = 0;
		};
/* End PBXSourcesBuildPhase section */

/* Begin PBXTargetDependency section */
		F2C92B4B24D094BD009D7915 /* PBXTargetDependency */ = {
			isa = PBXTargetDependency;
			target = F2C92B2F24D094B9009D7915 /* github */;
			targetProxy = F2C92B4A24D094BD009D7915 /* PBXContainerItemProxy */;
		};
		F2C92B5624D094BD009D7915 /* PBXTargetDependency */ = {
			isa = PBXTargetDependency;
			target = F2C92B2F24D094B9009D7915 /* github */;
			targetProxy = F2C92B5524D094BD009D7915 /* PBXContainerItemProxy */;
		};
/* End PBXTargetDependency section */

/* Begin PBXVariantGroup section */
		F2C92B3924D094B9009D7915 /* Main.storyboard */ = {
			isa = PBXVariantGroup;
			children = (
				F2C92B3A24D094B9009D7915 /* Base */,
			);
			name = Main.storyboard;
			sourceTree = "<group>";
		};
		F2C92B4124D094BD009D7915 /* LaunchScreen.storyboard */ = {
			isa = PBXVariantGroup;
			children = (
				F2C92B4224D094BD009D7915 /* Base */,
			);
			name = LaunchScreen.storyboard;
			sourceTree = "<group>";
		};
/* End PBXVariantGroup section */

/* Begin XCBuildConfiguration section */
		F2C92B5B24D094BD009D7915 /* Debug */ = {
			isa = XCBuildConfiguration;
			buildSettings = {
				ALWAYS_SEARCH_USER_PATHS = NO;
				CLANG_ANALYZER_NONNULL = YES;
				CLANG_ANALYZER_NUMBER_OBJECT_CONVERSION = YES_AGGRESSIVE;
				CLANG_CXX_LANGUAGE_STANDARD = "gnu++14";
				CLANG_CXX_LIBRARY = "libc++";
				CLANG_ENABLE_MODULES = YES;
				CLANG_ENABLE_OBJC_ARC = YES;
				CLANG_ENABLE_OBJC_WEAK = YES;
				CLANG_WARN_BLOCK_CAPTURE_AUTORELEASING = YES;
				CLANG_WARN_BOOL_CONVERSION = YES;
				CLANG_WARN_COMMA = YES;
				CLANG_WARN_CONSTANT_CONVERSION = YES;
				CLANG_WARN_DEPRECATED_OBJC_IMPLEMENTATIONS = YES;
				CLANG_WARN_DIRECT_OBJC_ISA_USAGE = YES_ERROR;
				CLANG_WARN_DOCUMENTATION_COMMENTS = YES;
				CLANG_WARN_EMPTY_BODY = YES;
				CLANG_WARN_ENUM_CONVERSION = YES;
				CLANG_WARN_INFINITE_RECURSION = YES;
				CLANG_WARN_INT_CONVERSION = YES;
				CLANG_WARN_NON_LITERAL_NULL_CONVERSION = YES;
				CLANG_WARN_OBJC_IMPLICIT_RETAIN_SELF = YES;
				CLANG_WARN_OBJC_LITERAL_CONVERSION = YES;
				CLANG_WARN_OBJC_ROOT_CLASS = YES_ERROR;
				CLANG_WARN_RANGE_LOOP_ANALYSIS = YES;
				CLANG_WARN_STRICT_PROTOTYPES = YES;
				CLANG_WARN_SUSPICIOUS_MOVE = YES;
				CLANG_WARN_UNGUARDED_AVAILABILITY = YES_AGGRESSIVE;
				CLANG_WARN_UNREACHABLE_CODE = YES;
				CLANG_WARN__DUPLICATE_METHOD_MATCH = YES;
				COPY_PHASE_STRIP = NO;
				DEBUG_INFORMATION_FORMAT = dwarf;
				ENABLE_STRICT_OBJC_MSGSEND = YES;
				ENABLE_TESTABILITY = YES;
				GCC_C_LANGUAGE_STANDARD = gnu11;
				GCC_DYNAMIC_NO_PIC = NO;
				GCC_NO_COMMON_BLOCKS = YES;
				GCC_OPTIMIZATION_LEVEL = 0;
				GCC_PREPROCESSOR_DEFINITIONS = (
					"DEBUG=1",
					"$(inherited)",
				);
				GCC_WARN_64_TO_32_BIT_CONVERSION = YES;
				GCC_WARN_ABOUT_RETURN_TYPE = YES_ERROR;
				GCC_WARN_UNDECLARED_SELECTOR = YES;
				GCC_WARN_UNINITIALIZED_AUTOS = YES_AGGRESSIVE;
				GCC_WARN_UNUSED_FUNCTION = YES;
				GCC_WARN_UNUSED_VARIABLE = YES;
				IPHONEOS_DEPLOYMENT_TARGET = 13.5;
				MTL_ENABLE_DEBUG_INFO = INCLUDE_SOURCE;
				MTL_FAST_MATH = YES;
				ONLY_ACTIVE_ARCH = YES;
				SDKROOT = iphoneos;
				SWIFT_ACTIVE_COMPILATION_CONDITIONS = DEBUG;
				SWIFT_OPTIMIZATION_LEVEL = "-Onone";
			};
			name = Debug;
		};
		F2C92B5C24D094BD009D7915 /* Release */ = {
			isa = XCBuildConfiguration;
			buildSettings = {
				ALWAYS_SEARCH_USER_PATHS = NO;
				CLANG_ANALYZER_NONNULL = YES;
				CLANG_ANALYZER_NUMBER_OBJECT_CONVERSION = YES_AGGRESSIVE;
				CLANG_CXX_LANGUAGE_STANDARD = "gnu++14";
				CLANG_CXX_LIBRARY = "libc++";
				CLANG_ENABLE_MODULES = YES;
				CLANG_ENABLE_OBJC_ARC = YES;
				CLANG_ENABLE_OBJC_WEAK = YES;
				CLANG_WARN_BLOCK_CAPTURE_AUTORELEASING = YES;
				CLANG_WARN_BOOL_CONVERSION = YES;
				CLANG_WARN_COMMA = YES;
				CLANG_WARN_CONSTANT_CONVERSION = YES;
				CLANG_WARN_DEPRECATED_OBJC_IMPLEMENTATIONS = YES;
				CLANG_WARN_DIRECT_OBJC_ISA_USAGE = YES_ERROR;
				CLANG_WARN_DOCUMENTATION_COMMENTS = YES;
				CLANG_WARN_EMPTY_BODY = YES;
				CLANG_WARN_ENUM_CONVERSION = YES;
				CLANG_WARN_INFINITE_RECURSION = YES;
				CLANG_WARN_INT_CONVERSION = YES;
				CLANG_WARN_NON_LITERAL_NULL_CONVERSION = YES;
				CLANG_WARN_OBJC_IMPLICIT_RETAIN_SELF = YES;
				CLANG_WARN_OBJC_LITERAL_CONVERSION = YES;
				CLANG_WARN_OBJC_ROOT_CLASS = YES_ERROR;
				CLANG_WARN_RANGE_LOOP_ANALYSIS = YES;
				CLANG_WARN_STRICT_PROTOTYPES = YES;
				CLANG_WARN_SUSPICIOUS_MOVE = YES;
				CLANG_WARN_UNGUARDED_AVAILABILITY = YES_AGGRESSIVE;
				CLANG_WARN_UNREACHABLE_CODE = YES;
				CLANG_WARN__DUPLICATE_METHOD_MATCH = YES;
				COPY_PHASE_STRIP = NO;
				DEBUG_INFORMATION_FORMAT = "dwarf-with-dsym";
				ENABLE_NS_ASSERTIONS = NO;
				ENABLE_STRICT_OBJC_MSGSEND = YES;
				GCC_C_LANGUAGE_STANDARD = gnu11;
				GCC_NO_COMMON_BLOCKS = YES;
				GCC_WARN_64_TO_32_BIT_CONVERSION = YES;
				GCC_WARN_ABOUT_RETURN_TYPE = YES_ERROR;
				GCC_WARN_UNDECLARED_SELECTOR = YES;
				GCC_WARN_UNINITIALIZED_AUTOS = YES_AGGRESSIVE;
				GCC_WARN_UNUSED_FUNCTION = YES;
				GCC_WARN_UNUSED_VARIABLE = YES;
				IPHONEOS_DEPLOYMENT_TARGET = 13.5;
				MTL_ENABLE_DEBUG_INFO = NO;
				MTL_FAST_MATH = YES;
				SDKROOT = iphoneos;
				SWIFT_COMPILATION_MODE = wholemodule;
				SWIFT_OPTIMIZATION_LEVEL = "-O";
				VALIDATE_PRODUCT = YES;
			};
			name = Release;
		};
		F2C92B5E24D094BD009D7915 /* Debug */ = {
			isa = XCBuildConfiguration;
			buildSettings = {
				ASSETCATALOG_COMPILER_APPICON_NAME = AppIcon;
				CODE_SIGN_STYLE = Automatic;
				INFOPLIST_FILE = github/Info.plist;
				LD_RUNPATH_SEARCH_PATHS = (
					"$(inherited)",
					"@executable_path/Frameworks",
				);
				PRODUCT_BUNDLE_IDENTIFIER = KWK.github;
				PRODUCT_NAME = "$(TARGET_NAME)";
				SWIFT_VERSION = 5.0;
				TARGETED_DEVICE_FAMILY = "1,2";
			};
			name = Debug;
		};
		F2C92B5F24D094BD009D7915 /* Release */ = {
			isa = XCBuildConfiguration;
			buildSettings = {
				ASSETCATALOG_COMPILER_APPICON_NAME = AppIcon;
				CODE_SIGN_STYLE = Automatic;
				INFOPLIST_FILE = github/Info.plist;
				LD_RUNPATH_SEARCH_PATHS = (
					"$(inherited)",
					"@executable_path/Frameworks",
				);
				PRODUCT_BUNDLE_IDENTIFIER = KWK.github;
				PRODUCT_NAME = "$(TARGET_NAME)";
				SWIFT_VERSION = 5.0;
				TARGETED_DEVICE_FAMILY = "1,2";
			};
			name = Release;
		};
		F2C92B6124D094BD009D7915 /* Debug */ = {
			isa = XCBuildConfiguration;
			buildSettings = {
				ALWAYS_EMBED_SWIFT_STANDARD_LIBRARIES = YES;
				BUNDLE_LOADER = "$(TEST_HOST)";
				CODE_SIGN_STYLE = Automatic;
				INFOPLIST_FILE = githubTests/Info.plist;
				IPHONEOS_DEPLOYMENT_TARGET = 13.5;
				LD_RUNPATH_SEARCH_PATHS = (
					"$(inherited)",
					"@executable_path/Frameworks",
					"@loader_path/Frameworks",
				);
				PRODUCT_BUNDLE_IDENTIFIER = KWK.githubTests;
				PRODUCT_NAME = "$(TARGET_NAME)";
				SWIFT_VERSION = 5.0;
				TARGETED_DEVICE_FAMILY = "1,2";
				TEST_HOST = "$(BUILT_PRODUCTS_DIR)/github.app/github";
			};
			name = Debug;
		};
		F2C92B6224D094BD009D7915 /* Release */ = {
			isa = XCBuildConfiguration;
			buildSettings = {
				ALWAYS_EMBED_SWIFT_STANDARD_LIBRARIES = YES;
				BUNDLE_LOADER = "$(TEST_HOST)";
				CODE_SIGN_STYLE = Automatic;
				INFOPLIST_FILE = githubTests/Info.plist;
				IPHONEOS_DEPLOYMENT_TARGET = 13.5;
				LD_RUNPATH_SEARCH_PATHS = (
					"$(inherited)",
					"@executable_path/Frameworks",
					"@loader_path/Frameworks",
				);
				PRODUCT_BUNDLE_IDENTIFIER = KWK.githubTests;
				PRODUCT_NAME = "$(TARGET_NAME)";
				SWIFT_VERSION = 5.0;
				TARGETED_DEVICE_FAMILY = "1,2";
				TEST_HOST = "$(BUILT_PRODUCTS_DIR)/github.app/github";
			};
			name = Release;
		};
		F2C92B6424D094BD009D7915 /* Debug */ = {
			isa = XCBuildConfiguration;
			buildSettings = {
				ALWAYS_EMBED_SWIFT_STANDARD_LIBRARIES = YES;
				CODE_SIGN_STYLE = Automatic;
				INFOPLIST_FILE = githubUITests/Info.plist;
				LD_RUNPATH_SEARCH_PATHS = (
					"$(inherited)",
					"@executable_path/Frameworks",
					"@loader_path/Frameworks",
				);
				PRODUCT_BUNDLE_IDENTIFIER = KWK.githubUITests;
				PRODUCT_NAME = "$(TARGET_NAME)";
				SWIFT_VERSION = 5.0;
				TARGETED_DEVICE_FAMILY = "1,2";
				TEST_TARGET_NAME = github;
			};
			name = Debug;
		};
		F2C92B6524D094BD009D7915 /* Release */ = {
			isa = XCBuildConfiguration;
			buildSettings = {
				ALWAYS_EMBED_SWIFT_STANDARD_LIBRARIES = YES;
				CODE_SIGN_STYLE = Automatic;
				INFOPLIST_FILE = githubUITests/Info.plist;
				LD_RUNPATH_SEARCH_PATHS = (
					"$(inherited)",
					"@executable_path/Frameworks",
					"@loader_path/Frameworks",
				);
				PRODUCT_BUNDLE_IDENTIFIER = KWK.githubUITests;
				PRODUCT_NAME = "$(TARGET_NAME)";
				SWIFT_VERSION = 5.0;
				TARGETED_DEVICE_FAMILY = "1,2";
				TEST_TARGET_NAME = github;
			};
			name = Release;
		};
/* End XCBuildConfiguration section */

/* Begin XCConfigurationList section */
		F2C92B2B24D094B9009D7915 /* Build configuration list for PBXProject "github" */ = {
			isa = XCConfigurationList;
			buildConfigurations = (
				F2C92B5B24D094BD009D7915 /* Debug */,
				F2C92B5C24D094BD009D7915 /* Release */,
			);
			defaultConfigurationIsVisible = 0;
			defaultConfigurationName = Release;
		};
		F2C92B5D24D094BD009D7915 /* Build configuration list for PBXNativeTarget "github" */ = {
			isa = XCConfigurationList;
			buildConfigurations = (
				F2C92B5E24D094BD009D7915 /* Debug */,
				F2C92B5F24D094BD009D7915 /* Release */,
			);
			defaultConfigurationIsVisible = 0;
			defaultConfigurationName = Release;
		};
		F2C92B6024D094BD009D7915 /* Build configuration list for PBXNativeTarget "githubTests" */ = {
			isa = XCConfigurationList;
			buildConfigurations = (
				F2C92B6124D094BD009D7915 /* Debug */,
				F2C92B6224D094BD009D7915 /* Release */,
			);
			defaultConfigurationIsVisible = 0;
			defaultConfigurationName = Release;
		};
		F2C92B6324D094BD009D7915 /* Build configuration list for PBXNativeTarget "githubUITests" */ = {
			isa = XCConfigurationList;
			buildConfigurations = (
				F2C92B6424D094BD009D7915 /* Debug */,
				F2C92B6524D094BD009D7915 /* Release */,
			);
			defaultConfigurationIsVisible = 0;
			defaultConfigurationName = Release;
		};
/* End XCConfigurationList section */

/* Begin XCVersionGroup section */
		F2C92B3C24D094B9009D7915 /* github.xcdatamodeld */ = {
			isa = XCVersionGroup;
			children = (
				F2C92B3D24D094B9009D7915 /* github.xcdatamodel */,
			);
			currentVersion = F2C92B3D24D094B9009D7915 /* github.xcdatamodel */;
			path = github.xcdatamodeld;
			sourceTree = "<group>";
			versionGroupType = wrapper.xcdatamodel;
		};
/* End XCVersionGroup section */
	};
	rootObject = F2C92B2824D094B9009D7915 /* Project object */;
}
